
Microsoft Visual Studio Solution File, Format Version 12.00
# Visual Studio 2013
VisualStudioVersion = 12.0.31101.0
MinimumVisualStudioVersion = 10.0.40219.1
Project("{D954291E-2A0B-460D-934E-DC6B0785DB48}") = "Beadscount", "Beadscount\Beadscount.shproj", "{0DD63384-0A85-4418-B265-69C4F3CC9D82}"
EndProject
Project("{FAE04EC0-301F-11D3-BF4B-00C04F79EFBC}") = "Beadscount.Desktop", "Beadscount.Desktop\Beadscount.Desktop.csproj", "{738A937A-851C-422C-8706-F49AE9D876E3}"
EndProject
Global
	GlobalSection(SharedMSBuildProjectFiles) = preSolution
		Beadscount\Beadscount.projitems*{738a937a-851c-422c-8706-f49ae9d876e3}*SharedItemsImports = 4
		Beadscount\Beadscount.projitems*{0dd63384-0a85-4418-b265-69c4f3cc9d82}*SharedItemsImports = 13
	EndGlobalSection
	GlobalSection(SolutionConfigurationPlatforms) = preSolution
		Debug|x86 = Debug|x86
		Release|x86 = Release|x86
	EndGlobalSection
	GlobalSection(ProjectConfigurationPlatforms) = postSolution
		{738A937A-851C-422C-8706-F49AE9D876E3}.Debug|x86.ActiveCfg = Debug|x86
		{738A937A-851C-422C-8706-F49AE9D876E3}.Debug|x86.Build.0 = Debug|x86
		{738A937A-851C-422C-8706-F49AE9D876E3}.Release|x86.ActiveCfg = Release|x86
		{738A937A-851C-422C-8706-F49AE9D876E3}.Release|x86.Build.0 = Release|x86
	EndGlobalSection
	GlobalSection(SolutionProperties) = preSolution
		HideSolutionNode = FALSE
	EndGlobalSection
EndGlobal
